
Microsoft Visual Studio Solution File, Format Version 12.00
# Visual Studio Version 17
VisualStudioVersion = 17.5.33516.290
MinimumVisualStudioVersion = 10.0.40219.1
Project("{9A19103F-16F7-4668-BE54-9A1E7A4F7556}") = "TMK_tasks", "TMK_tasks.csproj", "{47AFEEB7-E7AD-42CC-88F3-AE3B20C9BBD7}"
EndProject
Global
	GlobalSection(SolutionConfigurationPlatforms) = preSolution
		Debug|Any CPU = Debug|Any CPU
		Release|Any CPU = Release|Any CPU
	EndGlobalSection
	GlobalSection(ProjectConfigurationPlatforms) = postSolution
		{47AFEEB7-E7AD-42CC-88F3-AE3B20C9BBD7}.Debug|Any CPU.ActiveCfg = Debug|Any CPU
		{47AFEEB7-E7AD-42CC-88F3-AE3B20C9BBD7}.Debug|Any CPU.Build.0 = Debug|Any CPU
		{47AFEEB7-E7AD-42CC-88F3-AE3B20C9BBD7}.Release|Any CPU.ActiveCfg = Release|Any CPU
		{47AFEEB7-E7AD-42CC-88F3-AE3B20C9BBD7}.Release|Any CPU.Build.0 = Release|Any CPU
	EndGlobalSection
	GlobalSection(SolutionProperties) = preSolution
		HideSolutionNode = FALSE
	EndGlobalSection
	GlobalSection(ExtensibilityGlobals) = postSolution
		SolutionGuid = {946118D5-203B-4262-80E3-38E42858CD82}
	EndGlobalSection
EndGlobal
